{
  "name": "nifti2array",
  "version": "1.0.0",
  "lockfileVersion": 2,
  "requires": true,
  "packages": {
    "": {
      "name": "nifti2array",
      "version": "1.0.0",
      "license": "MIT",
      "dependencies": {
        "nifti-reader-js": "^0.6.2"
      }
    },
    "node_modules/fflate": {
      "version": "0.7.4",
      "resolved": "https://registry.npmmirror.com/fflate/-/fflate-0.7.4.tgz",
      "integrity": "sha512-5u2V/CDW15QM1XbbgS+0DfPxVB+jUKhWEKuuFuHncbk3tEEqzmoXL+2KyOFuKGqOnmdIy0/davWF1CkuwtibCw=="
    },
    "node_modules/nifti-reader-js": {
      "version": "0.6.2",
      "resolved": "https://registry.npmmirror.com/nifti-reader-js/-/nifti-reader-js-0.6.2.tgz",
      "integrity": "sha512-fluTwDC+U8AsZc7t3boqd+JzcGg0LFcrlsD3iYi7BMbO54PfdPAtsWCiwFJgVb5jQ7H1GsYtWqy+qYN5zHFUcA==",
      "dependencies": {
        "fflate": "*"
      }
    }
  },
  "dependencies": {
    "fflate": {
      "version": "0.7.4",
      "resolved": "https://registry.npmmirror.com/fflate/-/fflate-0.7.4.tgz",
      "integrity": "sha512-5u2V/CDW15QM1XbbgS+0DfPxVB+jUKhWEKuuFuHncbk3tEEqzmoXL+2KyOFuKGqOnmdIy0/davWF1CkuwtibCw=="
    },
    "nifti-reader-js": {
      "version": "0.6.2",
      "resolved": "https://registry.npmmirror.com/nifti-reader-js/-/nifti-reader-js-0.6.2.tgz",
      "integrity": "sha512-fluTwDC+U8AsZc7t3boqd+JzcGg0LFcrlsD3iYi7BMbO54PfdPAtsWCiwFJgVb5jQ7H1GsYtWqy+qYN5zHFUcA==",
      "requires": {
        "fflate": "*"
      }
    }
  }
}
